
Microsoft Visual Studio Solution File, Format Version 12.00
# Visual Studio 15
VisualStudioVersion = 15.0.28307.705
MinimumVisualStudioVersion = 10.0.40219.1
Project("{FAE04EC0-301F-11D3-BF4B-00C04F79EFBC}") = "RemoteSupportEventLogCustomAction", "RemoteSupportEventLogCustomAction\RemoteSupportEventLogCustomAction.csproj", "{EF816676-04DC-4B27-A3A2-E5A4AB22BF8D}"
EndProject
Global
	GlobalSection(SolutionConfigurationPlatforms) = preSolution
		Debug|Any CPU = Debug|Any CPU
		Release|Any CPU = Release|Any CPU
	EndGlobalSection
	GlobalSection(ProjectConfigurationPlatforms) = postSolution
		{EF816676-04DC-4B27-A3A2-E5A4AB22BF8D}.Debug|Any CPU.ActiveCfg = Debug|Any CPU
		{EF816676-04DC-4B27-A3A2-E5A4AB22BF8D}.Debug|Any CPU.Build.0 = Debug|Any CPU
		{EF816676-04DC-4B27-A3A2-E5A4AB22BF8D}.Release|Any CPU.ActiveCfg = Release|Any CPU
		{EF816676-04DC-4B27-A3A2-E5A4AB22BF8D}.Release|Any CPU.Build.0 = Release|Any CPU
	EndGlobalSection
	GlobalSection(SolutionProperties) = preSolution
		HideSolutionNode = FALSE
	EndGlobalSection
	GlobalSection(ExtensibilityGlobals) = postSolution
		EnterpriseLibraryConfigurationToolBinariesPathV6 = packages\EnterpriseLibrary.TransientFaultHandling.6.0.1304.0\lib\portable-net45+win+wp8;packages\EnterpriseLibrary.TransientFaultHandling.Data.6.0.1304.1\lib\NET45
		SolutionGuid = {C5C0B49A-F895-43FB-B73D-471A5B3A14A4}
	EndGlobalSection
EndGlobal
